// !$*UTF8*$!
{
	archiveVersion = 1;
	classes = {
	};
	objectVersion = 55;
	objects = {

/* Begin PBXBuildFile section */
		F47DA7DF2A82BB0900C2AAA5 /* TipsCollectionViewCell.swift in Sources */ = {isa = PBXBuildFile; fileRef = F47DA7DE2A82BB0900C2AAA5 /* TipsCollectionViewCell.swift */; };
		F47DA7E52A82BCE100C2AAA5 /* TipsView.swift in Sources */ = {isa = PBXBuildFile; fileRef = F47DA7E42A82BCE100C2AAA5 /* TipsView.swift */; };
		F4CEBBD62A828EFD008C7CE4 /* AppDelegate.swift in Sources */ = {isa = PBXBuildFile; fileRef = F4CEBBD52A828EFD008C7CE4 /* AppDelegate.swift */; };
		F4CEBBD82A828EFD008C7CE4 /* SceneDelegate.swift in Sources */ = {isa = PBXBuildFile; fileRef = F4CEBBD72A828EFD008C7CE4 /* SceneDelegate.swift */; };
		F4CEBBDA2A828EFD008C7CE4 /* MainViewController.swift in Sources */ = {isa = PBXBuildFile; fileRef = F4CEBBD92A828EFD008C7CE4 /* MainViewController.swift */; };
		F4CEBBDF2A828EFE008C7CE4 /* Assets.xcassets in Resources */ = {isa = PBXBuildFile; fileRef = F4CEBBDE2A828EFE008C7CE4 /* Assets.xcassets */; };
		F4CEBBE22A828EFE008C7CE4 /* LaunchScreen.storyboard in Resources */ = {isa = PBXBuildFile; fileRef = F4CEBBE02A828EFE008C7CE4 /* LaunchScreen.storyboard */; };
		F4CEBBEA2A829B9B008C7CE4 /* TotalBillView.swift in Sources */ = {isa = PBXBuildFile; fileRef = F4CEBBE92A829B9B008C7CE4 /* TotalBillView.swift */; };
		F4CEBBEC2A82A4C9008C7CE4 /* PersonsView.swift in Sources */ = {isa = PBXBuildFile; fileRef = F4CEBBEB2A82A4C9008C7CE4 /* PersonsView.swift */; };
/* End PBXBuildFile section */

/* Begin PBXFileReference section */
		F47DA7DE2A82BB0900C2AAA5 /* TipsCollectionViewCell.swift */ = {isa = PBXFileReference; lastKnownFileType = sourcecode.swift; path = TipsCollectionViewCell.swift; sourceTree = "<group>"; };
		F47DA7E42A82BCE100C2AAA5 /* TipsView.swift */ = {isa = PBXFileReference; lastKnownFileType = sourcecode.swift; path = TipsView.swift; sourceTree = "<group>"; };
		F4CEBBD22A828EFD008C7CE4 /* Second app - total bill.app */ = {isa = PBXFileReference; explicitFileType = wrapper.application; includeInIndex = 0; path = "Second app - total bill.app"; sourceTree = BUILT_PRODUCTS_DIR; };
		F4CEBBD52A828EFD008C7CE4 /* AppDelegate.swift */ = {isa = PBXFileReference; lastKnownFileType = sourcecode.swift; path = AppDelegate.swift; sourceTree = "<group>"; };
		F4CEBBD72A828EFD008C7CE4 /* SceneDelegate.swift */ = {isa = PBXFileReference; lastKnownFileType = sourcecode.swift; path = SceneDelegate.swift; sourceTree = "<group>"; };
		F4CEBBD92A828EFD008C7CE4 /* MainViewController.swift */ = {isa = PBXFileReference; lastKnownFileType = sourcecode.swift; path = MainViewController.swift; sourceTree = "<group>"; };
		F4CEBBDE2A828EFE008C7CE4 /* Assets.xcassets */ = {isa = PBXFileReference; lastKnownFileType = folder.assetcatalog; path = Assets.xcassets; sourceTree = "<group>"; };
		F4CEBBE12A828EFE008C7CE4 /* Base */ = {isa = PBXFileReference; lastKnownFileType = file.storyboard; name = Base; path = Base.lproj/LaunchScreen.storyboard; sourceTree = "<group>"; };
		F4CEBBE32A828EFE008C7CE4 /* Info.plist */ = {isa = PBXFileReference; lastKnownFileType = text.plist.xml; path = Info.plist; sourceTree = "<group>"; };
		F4CEBBE92A829B9B008C7CE4 /* TotalBillView.swift */ = {isa = PBXFileReference; lastKnownFileType = sourcecode.swift; path = TotalBillView.swift; sourceTree = "<group>"; };
		F4CEBBEB2A82A4C9008C7CE4 /* PersonsView.swift */ = {isa = PBXFileReference; lastKnownFileType = sourcecode.swift; path = PersonsView.swift; sourceTree = "<group>"; };
/* End PBXFileReference section */

/* Begin PBXFrameworksBuildPhase section */
		F4CEBBCF2A828EFD008C7CE4 /* Frameworks */ = {
			isa = PBXFrameworksBuildPhase;
			buildActionMask = 2147483647;
			files = (
			);
			runOnlyForDeploymentPostprocessing = 0;
		};
/* End PBXFrameworksBuildPhase section */

/* Begin PBXGroup section */
		F47DA7E02A82BB2400C2AAA5 /* Application */ = {
			isa = PBXGroup;
			children = (
				F4CEBBD52A828EFD008C7CE4 /* AppDelegate.swift */,
				F4CEBBD72A828EFD008C7CE4 /* SceneDelegate.swift */,
			);
			path = Application;
			sourceTree = "<group>";
		};
		F47DA7E12A82BB3A00C2AAA5 /* Controller */ = {
			isa = PBXGroup;
			children = (
				F4CEBBD92A828EFD008C7CE4 /* MainViewController.swift */,
			);
			path = Controller;
			sourceTree = "<group>";
		};
		F47DA7E22A82BB4A00C2AAA5 /* Views */ = {
			isa = PBXGroup;
			children = (
				F47DA7E32A82BB6B00C2AAA5 /* Cells */,
				F4CEBBE92A829B9B008C7CE4 /* TotalBillView.swift */,
				F4CEBBEB2A82A4C9008C7CE4 /* PersonsView.swift */,
				F47DA7E42A82BCE100C2AAA5 /* TipsView.swift */,
			);
			path = Views;
			sourceTree = "<group>";
		};
		F47DA7E32A82BB6B00C2AAA5 /* Cells */ = {
			isa = PBXGroup;
			children = (
				F47DA7DE2A82BB0900C2AAA5 /* TipsCollectionViewCell.swift */,
			);
			path = Cells;
			sourceTree = "<group>";
		};
		F4CEBBC92A828EFD008C7CE4 = {
			isa = PBXGroup;
			children = (
				F4CEBBD42A828EFD008C7CE4 /* Second app - total bill */,
				F4CEBBD32A828EFD008C7CE4 /* Products */,
			);
			sourceTree = "<group>";
		};
		F4CEBBD32A828EFD008C7CE4 /* Products */ = {
			isa = PBXGroup;
			children = (
				F4CEBBD22A828EFD008C7CE4 /* Second app - total bill.app */,
			);
			name = Products;
			sourceTree = "<group>";
		};
		F4CEBBD42A828EFD008C7CE4 /* Second app - total bill */ = {
			isa = PBXGroup;
			children = (
				F47DA7E02A82BB2400C2AAA5 /* Application */,
				F47DA7E12A82BB3A00C2AAA5 /* Controller */,
				F47DA7E22A82BB4A00C2AAA5 /* Views */,
				F4CEBBDE2A828EFE008C7CE4 /* Assets.xcassets */,
				F4CEBBE02A828EFE008C7CE4 /* LaunchScreen.storyboard */,
				F4CEBBE32A828EFE008C7CE4 /* Info.plist */,
			);
			path = "Second app - total bill";
			sourceTree = "<group>";
		};
/* End PBXGroup section */

/* Begin PBXNativeTarget section */
		F4CEBBD12A828EFD008C7CE4 /* Second app - total bill */ = {
			isa = PBXNativeTarget;
			buildConfigurationList = F4CEBBE62A828EFE008C7CE4 /* Build configuration list for PBXNativeTarget "Second app - total bill" */;
			buildPhases = (
				F4CEBBCE2A828EFD008C7CE4 /* Sources */,
				F4CEBBCF2A828EFD008C7CE4 /* Frameworks */,
				F4CEBBD02A828EFD008C7CE4 /* Resources */,
			);
			buildRules = (
			);
			dependencies = (
			);
			name = "Second app - total bill";
			productName = "Second app - total bill";
			productReference = F4CEBBD22A828EFD008C7CE4 /* Second app - total bill.app */;
			productType = "com.apple.product-type.application";
		};
/* End PBXNativeTarget section */

/* Begin PBXProject section */
		F4CEBBCA2A828EFD008C7CE4 /* Project object */ = {
			isa = PBXProject;
			attributes = {
				BuildIndependentTargetsInParallel = 1;
				LastSwiftUpdateCheck = 1320;
				LastUpgradeCheck = 1320;
				TargetAttributes = {
					F4CEBBD12A828EFD008C7CE4 = {
						CreatedOnToolsVersion = 13.2.1;
					};
				};
			};
			buildConfigurationList = F4CEBBCD2A828EFD008C7CE4 /* Build configuration list for PBXProject "Second app - total bill" */;
			compatibilityVersion = "Xcode 13.0";
			developmentRegion = en;
			hasScannedForEncodings = 0;
			knownRegions = (
				en,
				Base,
			);
			mainGroup = F4CEBBC92A828EFD008C7CE4;
			productRefGroup = F4CEBBD32A828EFD008C7CE4 /* Products */;
			projectDirPath = "";
			projectRoot = "";
			targets = (
				F4CEBBD12A828EFD008C7CE4 /* Second app - total bill */,
			);
		};
/* End PBXProject section */

/* Begin PBXResourcesBuildPhase section */
		F4CEBBD02A828EFD008C7CE4 /* Resources */ = {
			isa = PBXResourcesBuildPhase;
			buildActionMask = 2147483647;
			files = (
				F4CEBBE22A828EFE008C7CE4 /* LaunchScreen.storyboard in Resources */,
				F4CEBBDF2A828EFE008C7CE4 /* Assets.xcassets in Resources */,
			);
			runOnlyForDeploymentPostprocessing = 0;
		};
/* End PBXResourcesBuildPhase section */

/* Begin PBXSourcesBuildPhase section */
		F4CEBBCE2A828EFD008C7CE4 /* Sources */ = {
			isa = PBXSourcesBuildPhase;
			buildActionMask = 2147483647;
			files = (
				F4CEBBEA2A829B9B008C7CE4 /* TotalBillView.swift in Sources */,
				F4CEBBEC2A82A4C9008C7CE4 /* PersonsView.swift in Sources */,
				F4CEBBDA2A828EFD008C7CE4 /* MainViewController.swift in Sources */,
				F47DA7DF2A82BB0900C2AAA5 /* TipsCollectionViewCell.swift in Sources */,
				F47DA7E52A82BCE100C2AAA5 /* TipsView.swift in Sources */,
				F4CEBBD62A828EFD008C7CE4 /* AppDelegate.swift in Sources */,
				F4CEBBD82A828EFD008C7CE4 /* SceneDelegate.swift in Sources */,
			);
			runOnlyForDeploymentPostprocessing = 0;
		};
/* End PBXSourcesBuildPhase section */

/* Begin PBXVariantGroup section */
		F4CEBBE02A828EFE008C7CE4 /* LaunchScreen.storyboard */ = {
			isa = PBXVariantGroup;
			children = (
				F4CEBBE12A828EFE008C7CE4 /* Base */,
			);
			name = LaunchScreen.storyboard;
			sourceTree = "<group>";
		};
/* End PBXVariantGroup section */

/* Begin XCBuildConfiguration section */
		F4CEBBE42A828EFE008C7CE4 /* Debug */ = {
			isa = XCBuildConfiguration;
			buildSettings = {
				ALWAYS_SEARCH_USER_PATHS = NO;
				CLANG_ANALYZER_NONNULL = YES;
				CLANG_ANALYZER_NUMBER_OBJECT_CONVERSION = YES_AGGRESSIVE;
				CLANG_CXX_LANGUAGE_STANDARD = "gnu++17";
				CLANG_CXX_LIBRARY = "libc++";
				CLANG_ENABLE_MODULES = YES;
				CLANG_ENABLE_OBJC_ARC = YES;
				CLANG_ENABLE_OBJC_WEAK = YES;
				CLANG_WARN_BLOCK_CAPTURE_AUTORELEASING = YES;
				CLANG_WARN_BOOL_CONVERSION = YES;
				CLANG_WARN_COMMA = YES;
				CLANG_WARN_CONSTANT_CONVERSION = YES;
				CLANG_WARN_DEPRECATED_OBJC_IMPLEMENTATIONS = YES;
				CLANG_WARN_DIRECT_OBJC_ISA_USAGE = YES_ERROR;
				CLANG_WARN_DOCUMENTATION_COMMENTS = YES;
				CLANG_WARN_EMPTY_BODY = YES;
				CLANG_WARN_ENUM_CONVERSION = YES;
				CLANG_WARN_INFINITE_RECURSION = YES;
				CLANG_WARN_INT_CONVERSION = YES;
				CLANG_WARN_NON_LITERAL_NULL_CONVERSION = YES;
				CLANG_WARN_OBJC_IMPLICIT_RETAIN_SELF = YES;
				CLANG_WARN_OBJC_LITERAL_CONVERSION = YES;
				CLANG_WARN_OBJC_ROOT_CLASS = YES_ERROR;
				CLANG_WARN_QUOTED_INCLUDE_IN_FRAMEWORK_HEADER = YES;
				CLANG_WARN_RANGE_LOOP_ANALYSIS = YES;
				CLANG_WARN_STRICT_PROTOTYPES = YES;
				CLANG_WARN_SUSPICIOUS_MOVE = YES;
				CLANG_WARN_UNGUARDED_AVAILABILITY = YES_AGGRESSIVE;
				CLANG_WARN_UNREACHABLE_CODE = YES;
				CLANG_WARN__DUPLICATE_METHOD_MATCH = YES;
				COPY_PHASE_STRIP = NO;
				DEBUG_INFORMATION_FORMAT = dwarf;
				ENABLE_STRICT_OBJC_MSGSEND = YES;
				ENABLE_TESTABILITY = YES;
				GCC_C_LANGUAGE_STANDARD = gnu11;
				GCC_DYNAMIC_NO_PIC = NO;
				GCC_NO_COMMON_BLOCKS = YES;
				GCC_OPTIMIZATION_LEVEL = 0;
				GCC_PREPROCESSOR_DEFINITIONS = (
					"DEBUG=1",
					"$(inherited)",
				);
				GCC_WARN_64_TO_32_BIT_CONVERSION = YES;
				GCC_WARN_ABOUT_RETURN_TYPE = YES_ERROR;
				GCC_WARN_UNDECLARED_SELECTOR = YES;
				GCC_WARN_UNINITIALIZED_AUTOS = YES_AGGRESSIVE;
				GCC_WARN_UNUSED_FUNCTION = YES;
				GCC_WARN_UNUSED_VARIABLE = YES;
				IPHONEOS_DEPLOYMENT_TARGET = 15.2;
				MTL_ENABLE_DEBUG_INFO = INCLUDE_SOURCE;
				MTL_FAST_MATH = YES;
				ONLY_ACTIVE_ARCH = YES;
				SDKROOT = iphoneos;
				SWIFT_ACTIVE_COMPILATION_CONDITIONS = DEBUG;
				SWIFT_OPTIMIZATION_LEVEL = "-Onone";
			};
			name = Debug;
		};
		F4CEBBE52A828EFE008C7CE4 /* Release */ = {
			isa = XCBuildConfiguration;
			buildSettings = {
				ALWAYS_SEARCH_USER_PATHS = NO;
				CLANG_ANALYZER_NONNULL = YES;
				CLANG_ANALYZER_NUMBER_OBJECT_CONVERSION = YES_AGGRESSIVE;
				CLANG_CXX_LANGUAGE_STANDARD = "gnu++17";
				CLANG_CXX_LIBRARY = "libc++";
				CLANG_ENABLE_MODULES = YES;
				CLANG_ENABLE_OBJC_ARC = YES;
				CLANG_ENABLE_OBJC_WEAK = YES;
				CLANG_WARN_BLOCK_CAPTURE_AUTORELEASING = YES;
				CLANG_WARN_BOOL_CONVERSION = YES;
				CLANG_WARN_COMMA = YES;
				CLANG_WARN_CONSTANT_CONVERSION = YES;
				CLANG_WARN_DEPRECATED_OBJC_IMPLEMENTATIONS = YES;
				CLANG_WARN_DIRECT_OBJC_ISA_USAGE = YES_ERROR;
				CLANG_WARN_DOCUMENTATION_COMMENTS = YES;
				CLANG_WARN_EMPTY_BODY = YES;
				CLANG_WARN_ENUM_CONVERSION = YES;
				CLANG_WARN_INFINITE_RECURSION = YES;
				CLANG_WARN_INT_CONVERSION = YES;
				CLANG_WARN_NON_LITERAL_NULL_CONVERSION = YES;
				CLANG_WARN_OBJC_IMPLICIT_RETAIN_SELF = YES;
				CLANG_WARN_OBJC_LITERAL_CONVERSION = YES;
				CLANG_WARN_OBJC_ROOT_CLASS = YES_ERROR;
				CLANG_WARN_QUOTED_INCLUDE_IN_FRAMEWORK_HEADER = YES;
				CLANG_WARN_RANGE_LOOP_ANALYSIS = YES;
				CLANG_WARN_STRICT_PROTOTYPES = YES;
				CLANG_WARN_SUSPICIOUS_MOVE = YES;
				CLANG_WARN_UNGUARDED_AVAILABILITY = YES_AGGRESSIVE;
				CLANG_WARN_UNREACHABLE_CODE = YES;
				CLANG_WARN__DUPLICATE_METHOD_MATCH = YES;
				COPY_PHASE_STRIP = NO;
				DEBUG_INFORMATION_FORMAT = "dwarf-with-dsym";
				ENABLE_NS_ASSERTIONS = NO;
				ENABLE_STRICT_OBJC_MSGSEND = YES;
				GCC_C_LANGUAGE_STANDARD = gnu11;
				GCC_NO_COMMON_BLOCKS = YES;
				GCC_WARN_64_TO_32_BIT_CONVERSION = YES;
				GCC_WARN_ABOUT_RETURN_TYPE = YES_ERROR;
				GCC_WARN_UNDECLARED_SELECTOR = YES;
				GCC_WARN_UNINITIALIZED_AUTOS = YES_AGGRESSIVE;
				GCC_WARN_UNUSED_FUNCTION = YES;
				GCC_WARN_UNUSED_VARIABLE = YES;
				IPHONEOS_DEPLOYMENT_TARGET = 15.2;
				MTL_ENABLE_DEBUG_INFO = NO;
				MTL_FAST_MATH = YES;
				SDKROOT = iphoneos;
				SWIFT_COMPILATION_MODE = wholemodule;
				SWIFT_OPTIMIZATION_LEVEL = "-O";
				VALIDATE_PRODUCT = YES;
			};
			name = Release;
		};
		F4CEBBE72A828EFE008C7CE4 /* Debug */ = {
			isa = XCBuildConfiguration;
			buildSettings = {
				ASSETCATALOG_COMPILER_APPICON_NAME = AppIcon;
				ASSETCATALOG_COMPILER_GLOBAL_ACCENT_COLOR_NAME = AccentColor;
				CODE_SIGN_STYLE = Automatic;
				CURRENT_PROJECT_VERSION = 1;
				GENERATE_INFOPLIST_FILE = YES;
				INFOPLIST_FILE = "Second app - total bill/Info.plist";
				INFOPLIST_KEY_UIApplicationSupportsIndirectInputEvents = YES;
				INFOPLIST_KEY_UILaunchStoryboardName = LaunchScreen;
				INFOPLIST_KEY_UISupportedInterfaceOrientations = UIInterfaceOrientationPortrait;
				INFOPLIST_KEY_UISupportedInterfaceOrientations_iPad = "UIInterfaceOrientationPortrait UIInterfaceOrientationPortraitUpsideDown UIInterfaceOrientationLandscapeLeft UIInterfaceOrientationLandscapeRight";
				INFOPLIST_KEY_UISupportedInterfaceOrientations_iPhone = "UIInterfaceOrientationPortrait UIInterfaceOrientationLandscapeLeft UIInterfaceOrientationLandscapeRight";
				LD_RUNPATH_SEARCH_PATHS = (
					"$(inherited)",
					"@executable_path/Frameworks",
				);
				MARKETING_VERSION = 1.0;
				PRODUCT_BUNDLE_IDENTIFIER = "codeJungle.Second-app---total-bill";
				PRODUCT_NAME = "$(TARGET_NAME)";
				SWIFT_EMIT_LOC_STRINGS = YES;
				SWIFT_VERSION = 5.0;
				TARGETED_DEVICE_FAMILY = "1,2";
			};
			name = Debug;
		};
		F4CEBBE82A828EFE008C7CE4 /* Release */ = {
			isa = XCBuildConfiguration;
			buildSettings = {
				ASSETCATALOG_COMPILER_APPICON_NAME = AppIcon;
				ASSETCATALOG_COMPILER_GLOBAL_ACCENT_COLOR_NAME = AccentColor;
				CODE_SIGN_STYLE = Automatic;
				CURRENT_PROJECT_VERSION = 1;
				GENERATE_INFOPLIST_FILE = YES;
				INFOPLIST_FILE = "Second app - total bill/Info.plist";
				INFOPLIST_KEY_UIApplicationSupportsIndirectInputEvents = YES;
				INFOPLIST_KEY_UILaunchStoryboardName = LaunchScreen;
				INFOPLIST_KEY_UISupportedInterfaceOrientations = UIInterfaceOrientationPortrait;
				INFOPLIST_KEY_UISupportedInterfaceOrientations_iPad = "UIInterfaceOrientationPortrait UIInterfaceOrientationPortraitUpsideDown UIInterfaceOrientationLandscapeLeft UIInterfaceOrientationLandscapeRight";
				INFOPLIST_KEY_UISupportedInterfaceOrientations_iPhone = "UIInterfaceOrientationPortrait UIInterfaceOrientationLandscapeLeft UIInterfaceOrientationLandscapeRight";
				LD_RUNPATH_SEARCH_PATHS = (
					"$(inherited)",
					"@executable_path/Frameworks",
				);
				MARKETING_VERSION = 1.0;
				PRODUCT_BUNDLE_IDENTIFIER = "codeJungle.Second-app---total-bill";
				PRODUCT_NAME = "$(TARGET_NAME)";
				SWIFT_EMIT_LOC_STRINGS = YES;
				SWIFT_VERSION = 5.0;
				TARGETED_DEVICE_FAMILY = "1,2";
			};
			name = Release;
		};
/* End XCBuildConfiguration section */

/* Begin XCConfigurationList section */
		F4CEBBCD2A828EFD008C7CE4 /* Build configuration list for PBXProject "Second app - total bill" */ = {
			isa = XCConfigurationList;
			buildConfigurations = (
				F4CEBBE42A828EFE008C7CE4 /* Debug */,
				F4CEBBE52A828EFE008C7CE4 /* Release */,
			);
			defaultConfigurationIsVisible = 0;
			defaultConfigurationName = Release;
		};
		F4CEBBE62A828EFE008C7CE4 /* Build configuration list for PBXNativeTarget "Second app - total bill" */ = {
			isa = XCConfigurationList;
			buildConfigurations = (
				F4CEBBE72A828EFE008C7CE4 /* Debug */,
				F4CEBBE82A828EFE008C7CE4 /* Release */,
			);
			defaultConfigurationIsVisible = 0;
			defaultConfigurationName = Release;
		};
/* End XCConfigurationList section */
	};
	rootObject = F4CEBBCA2A828EFD008C7CE4 /* Project object */;
}
